
Microsoft Visual Studio Solution File, Format Version 12.00
# Visual Studio Version 16
VisualStudioVersion = 16.0.29920.165
MinimumVisualStudioVersion = 10.0.40219.1
Project("{9A19103F-16F7-4668-BE54-9A1E7A4F7556}") = "eShopSolution.WebApp", "eShopSolution.WebApp\eShopSolution.WebApp.csproj", "{05A5581E-C457-40AF-A340-2A50A17827DF}"
EndProject
Project("{2150E333-8FDC-42A3-9474-1A3956D46DE8}") = "Solution Items", "Solution Items", "{614E50F6-23EE-4B99-9547-FF356FC9F6BA}"
	ProjectSection(SolutionItems) = preProject
		README.md = README.md
	EndProjectSection
EndProject
Project("{FAE04EC0-301F-11D3-BF4B-00C04F79EFBC}") = "eShopSolution.Data", "eShopSolution.Data\eShopSolution.Data.csproj", "{BB4C4B39-36DF-4E55-86EF-469BB40EEEF1}"
EndProject
Project("{FAE04EC0-301F-11D3-BF4B-00C04F79EFBC}") = "eShopSolution.Application", "eShopSolution.Application\eShopSolution.Application.csproj", "{07170C19-C6EF-4BBA-821D-D05CC97BEA4B}"
EndProject
Global
	GlobalSection(SolutionConfigurationPlatforms) = preSolution
		Debug|Any CPU = Debug|Any CPU
		Release|Any CPU = Release|Any CPU
	EndGlobalSection
	GlobalSection(ProjectConfigurationPlatforms) = postSolution
		{05A5581E-C457-40AF-A340-2A50A17827DF}.Debug|Any CPU.ActiveCfg = Debug|Any CPU
		{05A5581E-C457-40AF-A340-2A50A17827DF}.Debug|Any CPU.Build.0 = Debug|Any CPU
		{05A5581E-C457-40AF-A340-2A50A17827DF}.Release|Any CPU.ActiveCfg = Release|Any CPU
		{05A5581E-C457-40AF-A340-2A50A17827DF}.Release|Any CPU.Build.0 = Release|Any CPU
		{BB4C4B39-36DF-4E55-86EF-469BB40EEEF1}.Debug|Any CPU.ActiveCfg = Debug|Any CPU
		{BB4C4B39-36DF-4E55-86EF-469BB40EEEF1}.Debug|Any CPU.Build.0 = Debug|Any CPU
		{BB4C4B39-36DF-4E55-86EF-469BB40EEEF1}.Release|Any CPU.ActiveCfg = Release|Any CPU
		{BB4C4B39-36DF-4E55-86EF-469BB40EEEF1}.Release|Any CPU.Build.0 = Release|Any CPU
		{07170C19-C6EF-4BBA-821D-D05CC97BEA4B}.Debug|Any CPU.ActiveCfg = Debug|Any CPU
		{07170C19-C6EF-4BBA-821D-D05CC97BEA4B}.Debug|Any CPU.Build.0 = Debug|Any CPU
		{07170C19-C6EF-4BBA-821D-D05CC97BEA4B}.Release|Any CPU.ActiveCfg = Release|Any CPU
		{07170C19-C6EF-4BBA-821D-D05CC97BEA4B}.Release|Any CPU.Build.0 = Release|Any CPU
	EndGlobalSection
	GlobalSection(SolutionProperties) = preSolution
		HideSolutionNode = FALSE
	EndGlobalSection
	GlobalSection(ExtensibilityGlobals) = postSolution
		SolutionGuid = {BEE9BF71-2744-47D6-B343-8CB2C896DF2B}
	EndGlobalSection
EndGlobal
